
Microsoft Visual Studio Solution File, Format Version 12.00
# Visual Studio Express 2012 for Windows Desktop
Project("{FAE04EC0-301F-11D3-BF4B-00C04F79EFBC}") = "Задание 1", "Работа со строками\Задание 1.csproj", "{AD45C610-EA15-46F2-8EC3-B3FC28CC24A7}"
EndProject
Project("{FAE04EC0-301F-11D3-BF4B-00C04F79EFBC}") = "Задание 2", "Задание 2\Задание 2.csproj", "{B288783B-4E3B-4826-87AA-A5D00867841C}"
EndProject
Project("{FAE04EC0-301F-11D3-BF4B-00C04F79EFBC}") = "Задание 3", "Задание 3\Задание 3.csproj", "{63F89A7E-C43F-47A9-B484-AE7280ACA1F1}"
EndProject
Global
	GlobalSection(SolutionConfigurationPlatforms) = preSolution
		Debug|Any CPU = Debug|Any CPU
		Release|Any CPU = Release|Any CPU
	EndGlobalSection
	GlobalSection(ProjectConfigurationPlatforms) = postSolution
		{AD45C610-EA15-46F2-8EC3-B3FC28CC24A7}.Debug|Any CPU.ActiveCfg = Debug|Any CPU
		{AD45C610-EA15-46F2-8EC3-B3FC28CC24A7}.Debug|Any CPU.Build.0 = Debug|Any CPU
		{AD45C610-EA15-46F2-8EC3-B3FC28CC24A7}.Release|Any CPU.ActiveCfg = Release|Any CPU
		{AD45C610-EA15-46F2-8EC3-B3FC28CC24A7}.Release|Any CPU.Build.0 = Release|Any CPU
		{B288783B-4E3B-4826-87AA-A5D00867841C}.Debug|Any CPU.ActiveCfg = Debug|Any CPU
		{B288783B-4E3B-4826-87AA-A5D00867841C}.Debug|Any CPU.Build.0 = Debug|Any CPU
		{B288783B-4E3B-4826-87AA-A5D00867841C}.Release|Any CPU.ActiveCfg = Release|Any CPU
		{B288783B-4E3B-4826-87AA-A5D00867841C}.Release|Any CPU.Build.0 = Release|Any CPU
		{63F89A7E-C43F-47A9-B484-AE7280ACA1F1}.Debug|Any CPU.ActiveCfg = Debug|Any CPU
		{63F89A7E-C43F-47A9-B484-AE7280ACA1F1}.Debug|Any CPU.Build.0 = Debug|Any CPU
		{63F89A7E-C43F-47A9-B484-AE7280ACA1F1}.Release|Any CPU.ActiveCfg = Release|Any CPU
		{63F89A7E-C43F-47A9-B484-AE7280ACA1F1}.Release|Any CPU.Build.0 = Release|Any CPU
	EndGlobalSection
	GlobalSection(SolutionProperties) = preSolution
		HideSolutionNode = FALSE
	EndGlobalSection
EndGlobal
