
Microsoft Visual Studio Solution File, Format Version 12.00
# Visual Studio Express 2012 for Windows Desktop
Project("{FAE04EC0-301F-11D3-BF4B-00C04F79EFBC}") = "FilesDirs", "ClassProgram\FilesDirs.csproj", "{40392E8C-7979-442C-8BB1-BC7E8269B5DB}"
EndProject
Project("{FAE04EC0-301F-11D3-BF4B-00C04F79EFBC}") = "test prog", "test prog\test prog.csproj", "{3AC9F118-04D8-4C11-872D-EF5ACF195103}"
EndProject
Global
	GlobalSection(SolutionConfigurationPlatforms) = preSolution
		Debug|Any CPU = Debug|Any CPU
		Release|Any CPU = Release|Any CPU
	EndGlobalSection
	GlobalSection(ProjectConfigurationPlatforms) = postSolution
		{40392E8C-7979-442C-8BB1-BC7E8269B5DB}.Debug|Any CPU.ActiveCfg = Debug|Any CPU
		{40392E8C-7979-442C-8BB1-BC7E8269B5DB}.Debug|Any CPU.Build.0 = Debug|Any CPU
		{40392E8C-7979-442C-8BB1-BC7E8269B5DB}.Release|Any CPU.ActiveCfg = Release|Any CPU
		{40392E8C-7979-442C-8BB1-BC7E8269B5DB}.Release|Any CPU.Build.0 = Release|Any CPU
		{3AC9F118-04D8-4C11-872D-EF5ACF195103}.Debug|Any CPU.ActiveCfg = Debug|Any CPU
		{3AC9F118-04D8-4C11-872D-EF5ACF195103}.Debug|Any CPU.Build.0 = Debug|Any CPU
		{3AC9F118-04D8-4C11-872D-EF5ACF195103}.Release|Any CPU.ActiveCfg = Release|Any CPU
		{3AC9F118-04D8-4C11-872D-EF5ACF195103}.Release|Any CPU.Build.0 = Release|Any CPU
	EndGlobalSection
	GlobalSection(SolutionProperties) = preSolution
		HideSolutionNode = FALSE
	EndGlobalSection
EndGlobal
