
Microsoft Visual Studio Solution File, Format Version 12.00
# Visual Studio Express 2012 for Windows Desktop
Project("{FAE04EC0-301F-11D3-BF4B-00C04F79EFBC}") = "Задание 1", "ConsoleApplication2\Задание 1.csproj", "{710A0AE8-665E-4F09-B31E-AD6B597BC5C1}"
EndProject
Project("{FAE04EC0-301F-11D3-BF4B-00C04F79EFBC}") = "Задание 2", "ConsoleApplication1\Задание 2.csproj", "{C578AE77-5413-4B86-9EBE-83082C24D076}"
EndProject
Project("{FAE04EC0-301F-11D3-BF4B-00C04F79EFBC}") = "Задание 3", "ConsoleApplication3\Задание 3.csproj", "{7D7C7DE1-2DDE-45A3-A3C5-A2765B6C8F51}"
EndProject
Project("{FAE04EC0-301F-11D3-BF4B-00C04F79EFBC}") = "Задание 4", "ConsoleApplication4\Задание 4.csproj", "{E602A63D-7F92-4526-84DF-1C27924DB215}"
EndProject
Global
	GlobalSection(SolutionConfigurationPlatforms) = preSolution
		Debug|Any CPU = Debug|Any CPU
		Release|Any CPU = Release|Any CPU
	EndGlobalSection
	GlobalSection(ProjectConfigurationPlatforms) = postSolution
		{710A0AE8-665E-4F09-B31E-AD6B597BC5C1}.Debug|Any CPU.ActiveCfg = Debug|Any CPU
		{710A0AE8-665E-4F09-B31E-AD6B597BC5C1}.Debug|Any CPU.Build.0 = Debug|Any CPU
		{710A0AE8-665E-4F09-B31E-AD6B597BC5C1}.Release|Any CPU.ActiveCfg = Release|Any CPU
		{710A0AE8-665E-4F09-B31E-AD6B597BC5C1}.Release|Any CPU.Build.0 = Release|Any CPU
		{C578AE77-5413-4B86-9EBE-83082C24D076}.Debug|Any CPU.ActiveCfg = Debug|Any CPU
		{C578AE77-5413-4B86-9EBE-83082C24D076}.Debug|Any CPU.Build.0 = Debug|Any CPU
		{C578AE77-5413-4B86-9EBE-83082C24D076}.Release|Any CPU.ActiveCfg = Release|Any CPU
		{C578AE77-5413-4B86-9EBE-83082C24D076}.Release|Any CPU.Build.0 = Release|Any CPU
		{7D7C7DE1-2DDE-45A3-A3C5-A2765B6C8F51}.Debug|Any CPU.ActiveCfg = Debug|Any CPU
		{7D7C7DE1-2DDE-45A3-A3C5-A2765B6C8F51}.Debug|Any CPU.Build.0 = Debug|Any CPU
		{7D7C7DE1-2DDE-45A3-A3C5-A2765B6C8F51}.Release|Any CPU.ActiveCfg = Release|Any CPU
		{7D7C7DE1-2DDE-45A3-A3C5-A2765B6C8F51}.Release|Any CPU.Build.0 = Release|Any CPU
		{E602A63D-7F92-4526-84DF-1C27924DB215}.Debug|Any CPU.ActiveCfg = Debug|Any CPU
		{E602A63D-7F92-4526-84DF-1C27924DB215}.Debug|Any CPU.Build.0 = Debug|Any CPU
		{E602A63D-7F92-4526-84DF-1C27924DB215}.Release|Any CPU.ActiveCfg = Release|Any CPU
		{E602A63D-7F92-4526-84DF-1C27924DB215}.Release|Any CPU.Build.0 = Release|Any CPU
	EndGlobalSection
	GlobalSection(SolutionProperties) = preSolution
		HideSolutionNode = FALSE
	EndGlobalSection
EndGlobal
